
Microsoft Visual Studio Solution File, Format Version 12.00
# Visual Studio Version 16
VisualStudioVersion = 16.0.32602.291
MinimumVisualStudioVersion = 10.0.40219.1
Project("{FAE04EC0-301F-11D3-BF4B-00C04F79EFBC}") = "IPE.SmsIrClient", "IPE.SmsIrClient\IPE.SmsIrClient.csproj", "{6F3BFB64-EC72-41C1-9325-286FE2D1CB6D}"
EndProject
Global
	GlobalSection(SolutionConfigurationPlatforms) = preSolution
		Debug|Any CPU = Debug|Any CPU
		Release|Any CPU = Release|Any CPU
	EndGlobalSection
	GlobalSection(ProjectConfigurationPlatforms) = postSolution
		{6F3BFB64-EC72-41C1-9325-286FE2D1CB6D}.Debug|Any CPU.ActiveCfg = Release|Any CPU
		{6F3BFB64-EC72-41C1-9325-286FE2D1CB6D}.Debug|Any CPU.Build.0 = Release|Any CPU
		{6F3BFB64-EC72-41C1-9325-286FE2D1CB6D}.Release|Any CPU.ActiveCfg = Release|Any CPU
		{6F3BFB64-EC72-41C1-9325-286FE2D1CB6D}.Release|Any CPU.Build.0 = Release|Any CPU
	EndGlobalSection
	GlobalSection(SolutionProperties) = preSolution
		HideSolutionNode = FALSE
	EndGlobalSection
	GlobalSection(ExtensibilityGlobals) = postSolution
		SolutionGuid = {CE4A6F77-DCA0-4A1E-9392-B643439104A2}
	EndGlobalSection
EndGlobal
